
Microsoft Visual Studio Solution File, Format Version 12.00
# Visual Studio 15
VisualStudioVersion = 15.0.27130.2010
MinimumVisualStudioVersion = 10.0.40219.1
Project("{FAE04EC0-301F-11D3-BF4B-00C04F79EFBC}") = "WebApiExample", "WebApiExample\WebApiExample.csproj", "{CA1DCEC8-B8A4-4F2B-9F38-A7A9C37C2254}"
EndProject
Global
	GlobalSection(SolutionConfigurationPlatforms) = preSolution
		Debug|Any CPU = Debug|Any CPU
		Release|Any CPU = Release|Any CPU
	EndGlobalSection
	GlobalSection(ProjectConfigurationPlatforms) = postSolution
		{CA1DCEC8-B8A4-4F2B-9F38-A7A9C37C2254}.Debug|Any CPU.ActiveCfg = Debug|Any CPU
		{CA1DCEC8-B8A4-4F2B-9F38-A7A9C37C2254}.Debug|Any CPU.Build.0 = Debug|Any CPU
		{CA1DCEC8-B8A4-4F2B-9F38-A7A9C37C2254}.Release|Any CPU.ActiveCfg = Release|Any CPU
		{CA1DCEC8-B8A4-4F2B-9F38-A7A9C37C2254}.Release|Any CPU.Build.0 = Release|Any CPU
	EndGlobalSection
	GlobalSection(SolutionProperties) = preSolution
		HideSolutionNode = FALSE
	EndGlobalSection
	GlobalSection(ExtensibilityGlobals) = postSolution
		SolutionGuid = {2FD6FAB9-2926-4563-8DC0-FD8E97A26E64}
	EndGlobalSection
EndGlobal
